
Microsoft Visual Studio Solution File, Format Version 9.00
# Visual Studio 2005
Project("{65EA10E0-CDE5-4D11-AB27-FB2F8A5CF70B}") = "bsdiff", "bsdiff.vs8.vcproj", "{5369FD2B-048D-4765-AB52-2EABC55C2B7E}"
EndProject
Global
	GlobalSection(SolutionConfigurationPlatforms) = preSolution
		Debug|Win32 = Debug|Win32
		Release|Win32 = Release|Win32
	EndGlobalSection
	GlobalSection(ProjectConfigurationPlatforms) = postSolution
		{5369FD2B-048D-4765-AB52-2EABC55C2B7E}.Debug|Win32.ActiveCfg = Debug|Win32
		{5369FD2B-048D-4765-AB52-2EABC55C2B7E}.Debug|Win32.Build.0 = Debug|Win32
		{5369FD2B-048D-4765-AB52-2EABC55C2B7E}.Release|Win32.ActiveCfg = Release|Win32
		{5369FD2B-048D-4765-AB52-2EABC55C2B7E}.Release|Win32.Build.0 = Release|Win32
	EndGlobalSection
	GlobalSection(SolutionProperties) = preSolution
		HideSolutionNode = FALSE
	EndGlobalSection
EndGlobal
